lockfileVersion: '9.0'

settings:
  autoInstallPeers: true
  excludeLinksFromLockfile: false

importers:

  .:
    dependencies:
      '@vercel/kv':
        specifier: ^2.0.0
        version: 2.0.0
      discord-interactions:
        specifier: ^4.1.0
        version: 4.1.0
      zod:
        specifier: ^3.23.8
        version: 3.23.8
    devDependencies:
      '@types/node':
        specifier: ^20.16.1
        version: 20.16.5
      typescript:
        specifier: ^5.5.4
        version: 5.6.2

packages:

  '@types/node@20.16.5':
    resolution: {integrity: sha512-VwYCweNo3ERajwy0IUlqqcyZ8/A7Zwa9ZP3MnENWcB11AejO+tLy3pu850goUW2FC/IJMdZUfKpX/yxL1gymCA==}

  '@upstash/redis@1.34.0':
    resolution: {integrity: sha512-TrXNoJLkysIl8SBc4u9bNnyoFYoILpCcFJcLyWCccb/QSUmaVKdvY0m5diZqc3btExsapcMbaw/s/wh9Sf1pJw==}

  '@vercel/kv@2.0.0':
    resolution: {integrity: sha512-zdVrhbzZBYo5d1Hfn4bKtqCeKf0FuzW8rSHauzQVMUgv1+1JOwof2mWcBuI+YMJy8s0G0oqAUfQ7HgUDzb8EbA==}
    engines: {node: '>=14.6'}

  crypto-js@4.2.0:
    resolution: {integrity: sha512-KALDyEYgpY+Rlob/iriUtjV6d5Eq+Y191A5g4UqLAi8CyGP9N1+FdVbkc1SxKc2r4YAYqG8JzO2KGL+AizD70Q==}

  discord-interactions@4.1.0:
    resolution: {integrity: sha512-7DyXvsnp9FxjMPD+cPHG3DbttveVgOcWOBtWqyjSQ2bsfkTVpJF2l4c8+XujXaC45NXpRV67Da3go5O2DI0/hw==}
    engines: {node: '>=18.4.0'}

  typescript@5.6.2:
    resolution: {integrity: sha512-NW8ByodCSNCwZeghjN3o+JX5OFH0Ojg6sadjEKY4huZ52TqbJTJnDo5+Tw98lSy63NZvi4n+ez5m2u5d4PkZyw==}
    engines: {node: '>=14.17'}
    hasBin: true

  undici-types@6.19.8:
    resolution: {integrity: sha512-ve2KP6f/JnbPBFyobGHuerC9g1FYGn/F8n1LWTwNxCEzd6IfqTwUQcNXgEtmmQ6DlRrC1hrSrBnCZPokRrDHjw==}

  zod@3.23.8:
    resolution: {integrity: sha512-XBx9AXhXktjUqnepgTiE5flcKIYWi/rme0Eaj+5Y0lftuGBq+jyRu/md4WnuxqgP1ubdpNCsYEYPxrzVHD8d6g==}

snapshots:

  '@types/node@20.16.5':
    dependencies:
      undici-types: 6.19.8

  '@upstash/redis@1.34.0':
    dependencies:
      crypto-js: 4.2.0

  '@vercel/kv@2.0.0':
    dependencies:
      '@upstash/redis': 1.34.0

  crypto-js@4.2.0: {}

  discord-interactions@4.1.0: {}

  typescript@5.6.2: {}

  undici-types@6.19.8: {}

  zod@3.23.8: {}
